{
  "requires": true,
  "lockfileVersion": 1,
  "dependencies": {
    "jquery-google-reviews": {
      "version": "1.2.1",
      "resolved": "https://registry.npmjs.org/jquery-google-reviews/-/jquery-google-reviews-1.2.1.tgz",
      "integrity": "sha512-Gc8ZZYA2aOVD68hF1Ifg2i1XULQyocvMR1jLd7xTa4LChNlL+PE5GwhXAhq3Wt19Dq/Jn/2k6I826pObeaCrHw=="
    }
  }
}
