{
  "requires": true,
  "lockfileVersion": 1,
  "dependencies": {
    "jquery-google-reviews": {
      "version": "1.1.1",
      "resolved": "https://registry.npmjs.org/jquery-google-reviews/-/jquery-google-reviews-1.1.1.tgz",
      "integrity": "sha512-2C0A7DxqURzFOaZGfWNvw1RkOr+H4WKQhLABg11gcOLY62HfYw6yfvbpBYm4zNgmSxWDnwiWLyFHArdS3Fmk4g=="
    }
  }
}
