{
  "requires": true,
  "lockfileVersion": 1,
  "dependencies": {
    "jquery-google-reviews": {
      "version": "1.0.0",
      "resolved": "https://registry.npmjs.org/jquery-google-reviews/-/jquery-google-reviews-1.0.0.tgz",
      "integrity": "sha512-ba/z1Ub0NlZgRxOx9FMD0e+IrWBe8pLFXtDMLOo2hr/prmzevXG08aROoS0nAlIxFsjzGYl769fbqyfO+Ev6wg=="
    }
  }
}
